
Microsoft Visual Studio Solution File, Format Version 12.00
# Visual Studio Version 16
VisualStudioVersion = 16.0.30517.126
MinimumVisualStudioVersion = 10.0.40219.1
Project("{FAE04EC0-301F-11D3-BF4B-00C04F79EFBC}") = "ProAgil.API", "ProAgil.API\ProAgil.API.csproj", "{04D16834-F05C-4C8B-BE13-C1D341C0A998}"
EndProject
Global
	GlobalSection(SolutionConfigurationPlatforms) = preSolution
		Debug|Any CPU = Debug|Any CPU
		Release|Any CPU = Release|Any CPU
	EndGlobalSection
	GlobalSection(ProjectConfigurationPlatforms) = postSolution
		{04D16834-F05C-4C8B-BE13-C1D341C0A998}.Debug|Any CPU.ActiveCfg = Debug|Any CPU
		{04D16834-F05C-4C8B-BE13-C1D341C0A998}.Debug|Any CPU.Build.0 = Debug|Any CPU
		{04D16834-F05C-4C8B-BE13-C1D341C0A998}.Release|Any CPU.ActiveCfg = Release|Any CPU
		{04D16834-F05C-4C8B-BE13-C1D341C0A998}.Release|Any CPU.Build.0 = Release|Any CPU
	EndGlobalSection
	GlobalSection(SolutionProperties) = preSolution
		HideSolutionNode = FALSE
	EndGlobalSection
	GlobalSection(ExtensibilityGlobals) = postSolution
		SolutionGuid = {19F9DEA3-F3BA-4E21-AD10-DE9D866A66D3}
	EndGlobalSection
EndGlobal
